
Microsoft Visual Studio Solution File, Format Version 12.00
# Visual Studio Version 17
VisualStudioVersion = 17.3.32929.385
MinimumVisualStudioVersion = 10.0.40219.1
Project("{FAE04EC0-301F-11D3-BF4B-00C04F79EFBC}") = "Inheritance", "Inheritance\Inheritance.csproj", "{6AF680DB-4EA1-4DBE-AB2C-900B82B7F62B}"
EndProject
Global
	GlobalSection(SolutionConfigurationPlatforms) = preSolution
		Debug|Any CPU = Debug|Any CPU
		Release|Any CPU = Release|Any CPU
	EndGlobalSection
	GlobalSection(ProjectConfigurationPlatforms) = postSolution
		{6AF680DB-4EA1-4DBE-AB2C-900B82B7F62B}.Debug|Any CPU.ActiveCfg = Debug|Any CPU
		{6AF680DB-4EA1-4DBE-AB2C-900B82B7F62B}.Debug|Any CPU.Build.0 = Debug|Any CPU
		{6AF680DB-4EA1-4DBE-AB2C-900B82B7F62B}.Release|Any CPU.ActiveCfg = Release|Any CPU
		{6AF680DB-4EA1-4DBE-AB2C-900B82B7F62B}.Release|Any CPU.Build.0 = Release|Any CPU
	EndGlobalSection
	GlobalSection(SolutionProperties) = preSolution
		HideSolutionNode = FALSE
	EndGlobalSection
	GlobalSection(ExtensibilityGlobals) = postSolution
		SolutionGuid = {2EEC91AC-334A-4F63-9C0E-BFE03B12687B}
	EndGlobalSection
EndGlobal
